
Microsoft Visual Studio Solution File, Format Version 12.00
# Visual Studio Version 17
VisualStudioVersion = 17.0.32112.339
MinimumVisualStudioVersion = 10.0.40219.1
Project("{9A19103F-16F7-4668-BE54-9A1E7A4F7556}") = "OhData.Abstractions", "OhData.Abstractions\OhData.Abstractions.csproj", "{3E154375-DB8F-489A-9637-6D4D9F17D1F3}"
EndProject
Project("{2150E333-8FDC-42A3-9474-1A3956D46DE8}") = "TestBenches", "TestBenches", "{C10417AE-83A6-4856-B210-E2B61CD7FD5D}"
EndProject
Project("{9A19103F-16F7-4668-BE54-9A1E7A4F7556}") = "OhData.AspNetCore", "OhData.AspNetCore\OhData.AspNetCore.csproj", "{4962FFD8-6D42-41C0-BFC1-A10427FE398F}"
EndProject
Project("{FAE04EC0-301F-11D3-BF4B-00C04F79EFBC}") = "OhData.TestBench.AspNetCore", "OhData.TestBench.AspNetCore\OhData.TestBench.AspNetCore.csproj", "{91B2EB14-B1CC-40BC-8368-D79CD84D949E}"
EndProject
Project("{9A19103F-16F7-4668-BE54-9A1E7A4F7556}") = "OhData.Abstractions.AspNetCore.OData", "OhData.Abstractions.AspNetCore.OData\OhData.Abstractions.AspNetCore.OData.csproj", "{30454B9C-52AB-4561-AF6F-D30DA1841F0F}"
EndProject
Project("{2150E333-8FDC-42A3-9474-1A3956D46DE8}") = "Tests", "Tests", "{A1B2C3D4-E5F6-7890-ABCD-EF1234567890}"
EndProject
Project("{9A19103F-16F7-4668-BE54-9A1E7A4F7556}") = "OhData.AspNetCore.Tests", "OhData.AspNetCore.Tests\OhData.AspNetCore.Tests.csproj", "{B2C3D4E5-F6A7-8901-BCDE-F12345678901}"
EndProject
Project("{FAE04EC0-301F-11D3-BF4B-00C04F79EFBC}") = "OhData.AspNetCore.Versioning", "OhData.AspNetCore.Versioning\OhData.AspNetCore.Versioning.csproj", "{D6F2B77F-66B3-4B63-A6D9-B52890BF0B7D}"
EndProject
Global
	GlobalSection(SolutionConfigurationPlatforms) = preSolution
		Debug|Any CPU = Debug|Any CPU
		Debug|x64 = Debug|x64
		Debug|x86 = Debug|x86
		Release|Any CPU = Release|Any CPU
		Release|x64 = Release|x64
		Release|x86 = Release|x86
	EndGlobalSection
	GlobalSection(ProjectConfigurationPlatforms) = postSolution
		{3E154375-DB8F-489A-9637-6D4D9F17D1F3}.Debug|Any CPU.ActiveCfg = Debug|Any CPU
		{3E154375-DB8F-489A-9637-6D4D9F17D1F3}.Debug|Any CPU.Build.0 = Debug|Any CPU
		{3E154375-DB8F-489A-9637-6D4D9F17D1F3}.Debug|x64.ActiveCfg = Debug|Any CPU
		{3E154375-DB8F-489A-9637-6D4D9F17D1F3}.Debug|x64.Build.0 = Debug|Any CPU
		{3E154375-DB8F-489A-9637-6D4D9F17D1F3}.Debug|x86.ActiveCfg = Debug|Any CPU
		{3E154375-DB8F-489A-9637-6D4D9F17D1F3}.Debug|x86.Build.0 = Debug|Any CPU
		{3E154375-DB8F-489A-9637-6D4D9F17D1F3}.Release|Any CPU.ActiveCfg = Release|Any CPU
		{3E154375-DB8F-489A-9637-6D4D9F17D1F3}.Release|Any CPU.Build.0 = Release|Any CPU
		{3E154375-DB8F-489A-9637-6D4D9F17D1F3}.Release|x64.ActiveCfg = Release|Any CPU
		{3E154375-DB8F-489A-9637-6D4D9F17D1F3}.Release|x64.Build.0 = Release|Any CPU
		{3E154375-DB8F-489A-9637-6D4D9F17D1F3}.Release|x86.ActiveCfg = Release|Any CPU
		{3E154375-DB8F-489A-9637-6D4D9F17D1F3}.Release|x86.Build.0 = Release|Any CPU
		{4962FFD8-6D42-41C0-BFC1-A10427FE398F}.Debug|Any CPU.ActiveCfg = Debug|Any CPU
		{4962FFD8-6D42-41C0-BFC1-A10427FE398F}.Debug|Any CPU.Build.0 = Debug|Any CPU
		{4962FFD8-6D42-41C0-BFC1-A10427FE398F}.Debug|x64.ActiveCfg = Debug|Any CPU
		{4962FFD8-6D42-41C0-BFC1-A10427FE398F}.Debug|x64.Build.0 = Debug|Any CPU
		{4962FFD8-6D42-41C0-BFC1-A10427FE398F}.Debug|x86.ActiveCfg = Debug|Any CPU
		{4962FFD8-6D42-41C0-BFC1-A10427FE398F}.Debug|x86.Build.0 = Debug|Any CPU
		{4962FFD8-6D42-41C0-BFC1-A10427FE398F}.Release|Any CPU.ActiveCfg = Release|Any CPU
		{4962FFD8-6D42-41C0-BFC1-A10427FE398F}.Release|Any CPU.Build.0 = Release|Any CPU
		{4962FFD8-6D42-41C0-BFC1-A10427FE398F}.Release|x64.ActiveCfg = Release|Any CPU
		{4962FFD8-6D42-41C0-BFC1-A10427FE398F}.Release|x64.Build.0 = Release|Any CPU
		{4962FFD8-6D42-41C0-BFC1-A10427FE398F}.Release|x86.ActiveCfg = Release|Any CPU
		{4962FFD8-6D42-41C0-BFC1-A10427FE398F}.Release|x86.Build.0 = Release|Any CPU
		{91B2EB14-B1CC-40BC-8368-D79CD84D949E}.Debug|Any CPU.ActiveCfg = Debug|Any CPU
		{91B2EB14-B1CC-40BC-8368-D79CD84D949E}.Debug|Any CPU.Build.0 = Debug|Any CPU
		{91B2EB14-B1CC-40BC-8368-D79CD84D949E}.Debug|x64.ActiveCfg = Debug|Any CPU
		{91B2EB14-B1CC-40BC-8368-D79CD84D949E}.Debug|x64.Build.0 = Debug|Any CPU
		{91B2EB14-B1CC-40BC-8368-D79CD84D949E}.Debug|x86.ActiveCfg = Debug|Any CPU
		{91B2EB14-B1CC-40BC-8368-D79CD84D949E}.Debug|x86.Build.0 = Debug|Any CPU
		{91B2EB14-B1CC-40BC-8368-D79CD84D949E}.Release|Any CPU.ActiveCfg = Release|Any CPU
		{91B2EB14-B1CC-40BC-8368-D79CD84D949E}.Release|Any CPU.Build.0 = Release|Any CPU
		{91B2EB14-B1CC-40BC-8368-D79CD84D949E}.Release|x64.ActiveCfg = Release|Any CPU
		{91B2EB14-B1CC-40BC-8368-D79CD84D949E}.Release|x64.Build.0 = Release|Any CPU
		{91B2EB14-B1CC-40BC-8368-D79CD84D949E}.Release|x86.ActiveCfg = Release|Any CPU
		{91B2EB14-B1CC-40BC-8368-D79CD84D949E}.Release|x86.Build.0 = Release|Any CPU
		{30454B9C-52AB-4561-AF6F-D30DA1841F0F}.Debug|Any CPU.ActiveCfg = Debug|Any CPU
		{30454B9C-52AB-4561-AF6F-D30DA1841F0F}.Debug|Any CPU.Build.0 = Debug|Any CPU
		{30454B9C-52AB-4561-AF6F-D30DA1841F0F}.Debug|x64.ActiveCfg = Debug|Any CPU
		{30454B9C-52AB-4561-AF6F-D30DA1841F0F}.Debug|x64.Build.0 = Debug|Any CPU
		{30454B9C-52AB-4561-AF6F-D30DA1841F0F}.Debug|x86.ActiveCfg = Debug|Any CPU
		{30454B9C-52AB-4561-AF6F-D30DA1841F0F}.Debug|x86.Build.0 = Debug|Any CPU
		{30454B9C-52AB-4561-AF6F-D30DA1841F0F}.Release|Any CPU.ActiveCfg = Release|Any CPU
		{30454B9C-52AB-4561-AF6F-D30DA1841F0F}.Release|Any CPU.Build.0 = Release|Any CPU
		{30454B9C-52AB-4561-AF6F-D30DA1841F0F}.Release|x64.ActiveCfg = Release|Any CPU
		{30454B9C-52AB-4561-AF6F-D30DA1841F0F}.Release|x64.Build.0 = Release|Any CPU
		{30454B9C-52AB-4561-AF6F-D30DA1841F0F}.Release|x86.ActiveCfg = Release|Any CPU
		{30454B9C-52AB-4561-AF6F-D30DA1841F0F}.Release|x86.Build.0 = Release|Any CPU
		{B2C3D4E5-F6A7-8901-BCDE-F12345678901}.Debug|Any CPU.ActiveCfg = Debug|Any CPU
		{B2C3D4E5-F6A7-8901-BCDE-F12345678901}.Debug|Any CPU.Build.0 = Debug|Any CPU
		{B2C3D4E5-F6A7-8901-BCDE-F12345678901}.Debug|x64.ActiveCfg = Debug|Any CPU
		{B2C3D4E5-F6A7-8901-BCDE-F12345678901}.Debug|x64.Build.0 = Debug|Any CPU
		{B2C3D4E5-F6A7-8901-BCDE-F12345678901}.Debug|x86.ActiveCfg = Debug|Any CPU
		{B2C3D4E5-F6A7-8901-BCDE-F12345678901}.Debug|x86.Build.0 = Debug|Any CPU
		{B2C3D4E5-F6A7-8901-BCDE-F12345678901}.Release|Any CPU.ActiveCfg = Release|Any CPU
		{B2C3D4E5-F6A7-8901-BCDE-F12345678901}.Release|Any CPU.Build.0 = Release|Any CPU
		{B2C3D4E5-F6A7-8901-BCDE-F12345678901}.Release|x64.ActiveCfg = Release|Any CPU
		{B2C3D4E5-F6A7-8901-BCDE-F12345678901}.Release|x64.Build.0 = Release|Any CPU
		{B2C3D4E5-F6A7-8901-BCDE-F12345678901}.Release|x86.ActiveCfg = Release|Any CPU
		{B2C3D4E5-F6A7-8901-BCDE-F12345678901}.Release|x86.Build.0 = Release|Any CPU
		{D6F2B77F-66B3-4B63-A6D9-B52890BF0B7D}.Debug|Any CPU.ActiveCfg = Debug|Any CPU
		{D6F2B77F-66B3-4B63-A6D9-B52890BF0B7D}.Debug|Any CPU.Build.0 = Debug|Any CPU
		{D6F2B77F-66B3-4B63-A6D9-B52890BF0B7D}.Debug|x64.ActiveCfg = Debug|Any CPU
		{D6F2B77F-66B3-4B63-A6D9-B52890BF0B7D}.Debug|x64.Build.0 = Debug|Any CPU
		{D6F2B77F-66B3-4B63-A6D9-B52890BF0B7D}.Debug|x86.ActiveCfg = Debug|Any CPU
		{D6F2B77F-66B3-4B63-A6D9-B52890BF0B7D}.Debug|x86.Build.0 = Debug|Any CPU
		{D6F2B77F-66B3-4B63-A6D9-B52890BF0B7D}.Release|Any CPU.ActiveCfg = Release|Any CPU
		{D6F2B77F-66B3-4B63-A6D9-B52890BF0B7D}.Release|Any CPU.Build.0 = Release|Any CPU
		{D6F2B77F-66B3-4B63-A6D9-B52890BF0B7D}.Release|x64.ActiveCfg = Release|Any CPU
		{D6F2B77F-66B3-4B63-A6D9-B52890BF0B7D}.Release|x64.Build.0 = Release|Any CPU
		{D6F2B77F-66B3-4B63-A6D9-B52890BF0B7D}.Release|x86.ActiveCfg = Release|Any CPU
		{D6F2B77F-66B3-4B63-A6D9-B52890BF0B7D}.Release|x86.Build.0 = Release|Any CPU
	EndGlobalSection
	GlobalSection(SolutionProperties) = preSolution
		HideSolutionNode = FALSE
	EndGlobalSection
	GlobalSection(NestedProjects) = preSolution
		{91B2EB14-B1CC-40BC-8368-D79CD84D949E} = {C10417AE-83A6-4856-B210-E2B61CD7FD5D}
		{B2C3D4E5-F6A7-8901-BCDE-F12345678901} = {A1B2C3D4-E5F6-7890-ABCD-EF1234567890}
	EndGlobalSection
	GlobalSection(ExtensibilityGlobals) = postSolution
		SolutionGuid = {5D9FF8A7-005C-4D2D-A764-86AD0E7E8CD0}
	EndGlobalSection
EndGlobal
